# This file is automatically @generated by Poetry 2.0.1 and should not be changed by hand.

[[package]]
name = "peewee"
version = "3.17.8"
description = "a little orm"
optional = false
python-versions = "*"
groups = ["main"]
files = []
develop = false

[package.source]
type = "git"
url = "https://github.com/coleifer/peewee.git"
reference = "HEAD"
resolved_reference = "3d7e0a2bf7ab0af79ff87992a728e23bec042cd8"

[metadata]
lock-version = "2.1"
python-versions = ">=3.11"
content-hash = "825727c3b8a8c7d73e47e34015eb8e3ae60468b3bea57880a7cb54ecf0e480ca"
